// !$*UTF8*$!
{
	archiveVersion = 1;
	classes = {
	};
	objectVersion = 50;
	objects = {

/* Begin PBXBuildFile section */
		07183E9420BE8D0000E34CAC /* AppDelegate.swift in Sources */ = {isa = PBXBuildFile; fileRef = 07183E9320BE8D0000E34CAC /* AppDelegate.swift */; };
		07183E9620BE8D0000E34CAC /* TodoListTableViewController.swift in Sources */ = {isa = PBXBuildFile; fileRef = 07183E9520BE8D0000E34CAC /* TodoListTableViewController.swift */; };
		07183E9920BE8D0000E34CAC /* Main.storyboard in Resources */ = {isa = PBXBuildFile; fileRef = 07183E9720BE8D0000E34CAC /* Main.storyboard */; };
		07183E9B20BE8D0200E34CAC /* Assets.xcassets in Resources */ = {isa = PBXBuildFile; fileRef = 07183E9A20BE8D0200E34CAC /* Assets.xcassets */; };
		07183E9E20BE8D0200E34CAC /* LaunchScreen.storyboard in Resources */ = {isa = PBXBuildFile; fileRef = 07183E9C20BE8D0200E34CAC /* LaunchScreen.storyboard */; };
		0720AC3A20DD1F07002B0760 /* CategoryTableViewController.swift in Sources */ = {isa = PBXBuildFile; fileRef = 0720AC3920DD1F07002B0760 /* CategoryTableViewController.swift */; };
		076228D620DA411A00B4E81E /* DataModel.xcdatamodeld in Sources */ = {isa = PBXBuildFile; fileRef = 076228D420DA411A00B4E81E /* DataModel.xcdatamodeld */; };
		7AE975D12957FC0C15B16B64 /* Pods_TodoList.framework in Frameworks */ = {isa = PBXBuildFile; fileRef = FB467E92B51CB066497B67C8 /* Pods_TodoList.framework */; };
/* End PBXBuildFile section */

/* Begin PBXFileReference section */
		07183E9020BE8D0000E34CAC /* TodoList.app */ = {isa = PBXFileReference; explicitFileType = wrapper.application; includeInIndex = 0; path = TodoList.app; sourceTree = BUILT_PRODUCTS_DIR; };
		07183E9320BE8D0000E34CAC /* AppDelegate.swift */ = {isa = PBXFileReference; lastKnownFileType = sourcecode.swift; path = AppDelegate.swift; sourceTree = "<group>"; };
		07183E9520BE8D0000E34CAC /* TodoListTableViewController.swift */ = {isa = PBXFileReference; lastKnownFileType = sourcecode.swift; path = TodoListTableViewController.swift; sourceTree = "<group>"; };
		07183E9820BE8D0000E34CAC /* Base */ = {isa = PBXFileReference; lastKnownFileType = file.storyboard; name = Base; path = Base.lproj/Main.storyboard; sourceTree = "<group>"; };
		07183E9A20BE8D0200E34CAC /* Assets.xcassets */ = {isa = PBXFileReference; lastKnownFileType = folder.assetcatalog; path = Assets.xcassets; sourceTree = "<group>"; };
		07183E9D20BE8D0200E34CAC /* Base */ = {isa = PBXFileReference; lastKnownFileType = file.storyboard; name = Base; path = Base.lproj/LaunchScreen.storyboard; sourceTree = "<group>"; };
		07183E9F20BE8D0200E34CAC /* Info.plist */ = {isa = PBXFileReference; lastKnownFileType = text.plist.xml; path = Info.plist; sourceTree = "<group>"; };
		0720AC3920DD1F07002B0760 /* CategoryTableViewController.swift */ = {isa = PBXFileReference; lastKnownFileType = sourcecode.swift; path = CategoryTableViewController.swift; sourceTree = "<group>"; };
		076228D520DA411A00B4E81E /* DataModel.xcdatamodel */ = {isa = PBXFileReference; lastKnownFileType = wrapper.xcdatamodel; path = DataModel.xcdatamodel; sourceTree = "<group>"; };
		846FE55EA73F4DBC57565475 /* Pods-TodoList.debug.xcconfig */ = {isa = PBXFileReference; includeInIndex = 1; lastKnownFileType = text.xcconfig; name = "Pods-TodoList.debug.xcconfig"; path = "Pods/Target Support Files/Pods-TodoList/Pods-TodoList.debug.xcconfig"; sourceTree = "<group>"; };
		C4D160001C9325E011211959 /* Pods-TodoList.release.xcconfig */ = {isa = PBXFileReference; includeInIndex = 1; lastKnownFileType = text.xcconfig; name = "Pods-TodoList.release.xcconfig"; path = "Pods/Target Support Files/Pods-TodoList/Pods-TodoList.release.xcconfig"; sourceTree = "<group>"; };
		FB467E92B51CB066497B67C8 /* Pods_TodoList.framework */ = {isa = PBXFileReference; explicitFileType = wrapper.framework; includeInIndex = 0; path = Pods_TodoList.framework; sourceTree = BUILT_PRODUCTS_DIR; };
/* End PBXFileReference section */

/* Begin PBXFrameworksBuildPhase section */
		07183E8D20BE8D0000E34CAC /* Frameworks */ = {
			isa = PBXFrameworksBuildPhase;
			buildActionMask = 2147483647;
			files = (
				7AE975D12957FC0C15B16B64 /* Pods_TodoList.framework in Frameworks */,
			);
			runOnlyForDeploymentPostprocessing = 0;
		};
/* End PBXFrameworksBuildPhase section */

/* Begin PBXGroup section */
		07183E8720BE8D0000E34CAC = {
			isa = PBXGroup;
			children = (
				07183E9220BE8D0000E34CAC /* TodoList */,
				07183E9120BE8D0000E34CAC /* Products */,
				502C2F85EC0F277B20FCB806 /* Pods */,
				EB37733EABC818264AFA2658 /* Frameworks */,
			);
			sourceTree = "<group>";
		};
		07183E9120BE8D0000E34CAC /* Products */ = {
			isa = PBXGroup;
			children = (
				07183E9020BE8D0000E34CAC /* TodoList.app */,
			);
			name = Products;
			sourceTree = "<group>";
		};
		07183E9220BE8D0000E34CAC /* TodoList */ = {
			isa = PBXGroup;
			children = (
				07183E9320BE8D0000E34CAC /* AppDelegate.swift */,
				0727B02D20C27BC400421696 /* Controller */,
				0727B02C20C27BAE00421696 /* Data Modal */,
				0727B02E20C27BD800421696 /* Views */,
				0727B02F20C27BEF00421696 /* Supporting Files */,
				07183E9F20BE8D0200E34CAC /* Info.plist */,
			);
			path = TodoList;
			sourceTree = "<group>";
		};
		0727B02C20C27BAE00421696 /* Data Modal */ = {
			isa = PBXGroup;
			children = (
				076228D420DA411A00B4E81E /* DataModel.xcdatamodeld */,
			);
			path = "Data Modal";
			sourceTree = "<group>";
		};
		0727B02D20C27BC400421696 /* Controller */ = {
			isa = PBXGroup;
			children = (
				0720AC3920DD1F07002B0760 /* CategoryTableViewController.swift */,
				07183E9520BE8D0000E34CAC /* TodoListTableViewController.swift */,
			);
			path = Controller;
			sourceTree = "<group>";
		};
		0727B02E20C27BD800421696 /* Views */ = {
			isa = PBXGroup;
			children = (
				07183E9720BE8D0000E34CAC /* Main.storyboard */,
			);
			path = Views;
			sourceTree = "<group>";
		};
		0727B02F20C27BEF00421696 /* Supporting Files */ = {
			isa = PBXGroup;
			children = (
				07183E9A20BE8D0200E34CAC /* Assets.xcassets */,
				07183E9C20BE8D0200E34CAC /* LaunchScreen.storyboard */,
			);
			path = "Supporting Files";
			sourceTree = "<group>";
		};
		502C2F85EC0F277B20FCB806 /* Pods */ = {
			isa = PBXGroup;
			children = (
				846FE55EA73F4DBC57565475 /* Pods-TodoList.debug.xcconfig */,
				C4D160001C9325E011211959 /* Pods-TodoList.release.xcconfig */,
			);
			name = Pods;
			sourceTree = "<group>";
		};
		EB37733EABC818264AFA2658 /* Frameworks */ = {
			isa = PBXGroup;
			children = (
				FB467E92B51CB066497B67C8 /* Pods_TodoList.framework */,
			);
			name = Frameworks;
			sourceTree = "<group>";
		};
/* End PBXGroup section */

/* Begin PBXNativeTarget section */
		07183E8F20BE8D0000E34CAC /* TodoList */ = {
			isa = PBXNativeTarget;
			buildConfigurationList = 07183EA220BE8D0200E34CAC /* Build configuration list for PBXNativeTarget "TodoList" */;
			buildPhases = (
				E3BA30526717542254A16D93 /* [CP] Check Pods Manifest.lock */,
				07183E8C20BE8D0000E34CAC /* Sources */,
				07183E8D20BE8D0000E34CAC /* Frameworks */,
				07183E8E20BE8D0000E34CAC /* Resources */,
				520EBB45238212156AD201EF /* [CP] Embed Pods Frameworks */,
			);
			buildRules = (
			);
			dependencies = (
			);
			name = TodoList;
			productName = TodoList;
			productReference = 07183E9020BE8D0000E34CAC /* TodoList.app */;
			productType = "com.apple.product-type.application";
		};
/* End PBXNativeTarget section */

/* Begin PBXProject section */
		07183E8820BE8D0000E34CAC /* Project object */ = {
			isa = PBXProject;
			attributes = {
				LastSwiftUpdateCheck = 0930;
				LastUpgradeCheck = 0930;
				ORGANIZATIONNAME = Subhrajyoti;
				TargetAttributes = {
					07183E8F20BE8D0000E34CAC = {
						CreatedOnToolsVersion = 9.3;
					};
				};
			};
			buildConfigurationList = 07183E8B20BE8D0000E34CAC /* Build configuration list for PBXProject "TodoList" */;
			compatibilityVersion = "Xcode 9.3";
			developmentRegion = en;
			hasScannedForEncodings = 0;
			knownRegions = (
				en,
				Base,
			);
			mainGroup = 07183E8720BE8D0000E34CAC;
			productRefGroup = 07183E9120BE8D0000E34CAC /* Products */;
			projectDirPath = "";
			projectRoot = "";
			targets = (
				07183E8F20BE8D0000E34CAC /* TodoList */,
			);
		};
/* End PBXProject section */

/* Begin PBXResourcesBuildPhase section */
		07183E8E20BE8D0000E34CAC /* Resources */ = {
			isa = PBXResourcesBuildPhase;
			buildActionMask = 2147483647;
			files = (
				07183E9E20BE8D0200E34CAC /* LaunchScreen.storyboard in Resources */,
				07183E9B20BE8D0200E34CAC /* Assets.xcassets in Resources */,
				07183E9920BE8D0000E34CAC /* Main.storyboard in Resources */,
			);
			runOnlyForDeploymentPostprocessing = 0;
		};
/* End PBXResourcesBuildPhase section */

/* Begin PBXShellScriptBuildPhase section */
		520EBB45238212156AD201EF /* [CP] Embed Pods Frameworks */ = {
			isa = PBXShellScriptBuildPhase;
			buildActionMask = 2147483647;
			files = (
			);
			inputPaths = (
				"${SRCROOT}/Pods/Target Support Files/Pods-TodoList/Pods-TodoList-frameworks.sh",
				"${BUILT_PRODUCTS_DIR}/Realm/Realm.framework",
				"${BUILT_PRODUCTS_DIR}/RealmSwift/RealmSwift.framework",
			);
			name = "[CP] Embed Pods Frameworks";
			outputPaths = (
				"${TARGET_BUILD_DIR}/${FRAMEWORKS_FOLDER_PATH}/Realm.framework",
				"${TARGET_BUILD_DIR}/${FRAMEWORKS_FOLDER_PATH}/RealmSwift.framework",
			);
			runOnlyForDeploymentPostprocessing = 0;
			shellPath = /bin/sh;
			shellScript = "\"${SRCROOT}/Pods/Target Support Files/Pods-TodoList/Pods-TodoList-frameworks.sh\"\n";
			showEnvVarsInLog = 0;
		};
		E3BA30526717542254A16D93 /* [CP] Check Pods Manifest.lock */ = {
			isa = PBXShellScriptBuildPhase;
			buildActionMask = 2147483647;
			files = (
			);
			inputPaths = (
				"${PODS_PODFILE_DIR_PATH}/Podfile.lock",
				"${PODS_ROOT}/Manifest.lock",
			);
			name = "[CP] Check Pods Manifest.lock";
			outputPaths = (
				"$(DERIVED_FILE_DIR)/Pods-TodoList-checkManifestLockResult.txt",
			);
			runOnlyForDeploymentPostprocessing = 0;
			shellPath = /bin/sh;
			shellScript = "diff \"${PODS_PODFILE_DIR_PATH}/Podfile.lock\" \"${PODS_ROOT}/Manifest.lock\" > /dev/null\nif [ $? != 0 ] ; then\n    # print error to STDERR\n    echo \"error: The sandbox is not in sync with the Podfile.lock. Run 'pod install' or update your CocoaPods installation.\" >&2\n    exit 1\nfi\n# This output is used by Xcode 'outputs' to avoid re-running this script phase.\necho \"SUCCESS\" > \"${SCRIPT_OUTPUT_FILE_0}\"\n";
			showEnvVarsInLog = 0;
		};
/* End PBXShellScriptBuildPhase section */

/* Begin PBXSourcesBuildPhase section */
		07183E8C20BE8D0000E34CAC /* Sources */ = {
			isa = PBXSourcesBuildPhase;
			buildActionMask = 2147483647;
			files = (
				07183E9620BE8D0000E34CAC /* TodoListTableViewController.swift in Sources */,
				076228D620DA411A00B4E81E /* DataModel.xcdatamodeld in Sources */,
				07183E9420BE8D0000E34CAC /* AppDelegate.swift in Sources */,
				0720AC3A20DD1F07002B0760 /* CategoryTableViewController.swift in Sources */,
			);
			runOnlyForDeploymentPostprocessing = 0;
		};
/* End PBXSourcesBuildPhase section */

/* Begin PBXVariantGroup section */
		07183E9720BE8D0000E34CAC /* Main.storyboard */ = {
			isa = PBXVariantGroup;
			children = (
				07183E9820BE8D0000E34CAC /* Base */,
			);
			name = Main.storyboard;
			sourceTree = "<group>";
		};
		07183E9C20BE8D0200E34CAC /* LaunchScreen.storyboard */ = {
			isa = PBXVariantGroup;
			children = (
				07183E9D20BE8D0200E34CAC /* Base */,
			);
			name = LaunchScreen.storyboard;
			sourceTree = "<group>";
		};
/* End PBXVariantGroup section */

/* Begin XCBuildConfiguration section */
		07183EA020BE8D0200E34CAC /* Debug */ = {
			isa = XCBuildConfiguration;
			buildSettings = {
				ALWAYS_SEARCH_USER_PATHS = NO;
				CLANG_ANALYZER_NONNULL = YES;
				CLANG_ANALYZER_NUMBER_OBJECT_CONVERSION = YES_AGGRESSIVE;
				CLANG_CXX_LANGUAGE_STANDARD = "gnu++14";
				CLANG_CXX_LIBRARY = "libc++";
				CLANG_ENABLE_MODULES = YES;
				CLANG_ENABLE_OBJC_ARC = YES;
				CLANG_ENABLE_OBJC_WEAK = YES;
				CLANG_WARN_BLOCK_CAPTURE_AUTORELEASING = YES;
				CLANG_WARN_BOOL_CONVERSION = YES;
				CLANG_WARN_COMMA = YES;
				CLANG_WARN_CONSTANT_CONVERSION = YES;
				CLANG_WARN_DEPRECATED_OBJC_IMPLEMENTATIONS = YES;
				CLANG_WARN_DIRECT_OBJC_ISA_USAGE = YES_ERROR;
				CLANG_WARN_DOCUMENTATION_COMMENTS = YES;
				CLANG_WARN_EMPTY_BODY = YES;
				CLANG_WARN_ENUM_CONVERSION = YES;
				CLANG_WARN_INFINITE_RECURSION = YES;
				CLANG_WARN_INT_CONVERSION = YES;
				CLANG_WARN_NON_LITERAL_NULL_CONVERSION = YES;
				CLANG_WARN_OBJC_IMPLICIT_RETAIN_SELF = YES;
				CLANG_WARN_OBJC_LITERAL_CONVERSION = YES;
				CLANG_WARN_OBJC_ROOT_CLASS = YES_ERROR;
				CLANG_WARN_RANGE_LOOP_ANALYSIS = YES;
				CLANG_WARN_STRICT_PROTOTYPES = YES;
				CLANG_WARN_SUSPICIOUS_MOVE = YES;
				CLANG_WARN_UNGUARDED_AVAILABILITY = YES_AGGRESSIVE;
				CLANG_WARN_UNREACHABLE_CODE = YES;
				CLANG_WARN__DUPLICATE_METHOD_MATCH = YES;
				CODE_SIGN_IDENTITY = "iPhone Developer";
				COPY_PHASE_STRIP = NO;
				DEBUG_INFORMATION_FORMAT = dwarf;
				ENABLE_STRICT_OBJC_MSGSEND = YES;
				ENABLE_TESTABILITY = YES;
				GCC_C_LANGUAGE_STANDARD = gnu11;
				GCC_DYNAMIC_NO_PIC = NO;
				GCC_NO_COMMON_BLOCKS = YES;
				GCC_OPTIMIZATION_LEVEL = 0;
				GCC_PREPROCESSOR_DEFINITIONS = (
					"DEBUG=1",
					"$(inherited)",
				);
				GCC_WARN_64_TO_32_BIT_CONVERSION = YES;
				GCC_WARN_ABOUT_RETURN_TYPE = YES_ERROR;
				GCC_WARN_UNDECLARED_SELECTOR = YES;
				GCC_WARN_UNINITIALIZED_AUTOS = YES_AGGRESSIVE;
				GCC_WARN_UNUSED_FUNCTION = YES;
				GCC_WARN_UNUSED_VARIABLE = YES;
				IPHONEOS_DEPLOYMENT_TARGET = 11.3;
				MTL_ENABLE_DEBUG_INFO = YES;
				ONLY_ACTIVE_ARCH = YES;
				SDKROOT = iphoneos;
				SWIFT_ACTIVE_COMPILATION_CONDITIONS = DEBUG;
				SWIFT_OPTIMIZATION_LEVEL = "-Onone";
			};
			name = Debug;
		};
		07183EA120BE8D0200E34CAC /* Release */ = {
			isa = XCBuildConfiguration;
			buildSettings = {
				ALWAYS_SEARCH_USER_PATHS = NO;
				CLANG_ANALYZER_NONNULL = YES;
				CLANG_ANALYZER_NUMBER_OBJECT_CONVERSION = YES_AGGRESSIVE;
				CLANG_CXX_LANGUAGE_STANDARD = "gnu++14";
				CLANG_CXX_LIBRARY = "libc++";
				CLANG_ENABLE_MODULES = YES;
				CLANG_ENABLE_OBJC_ARC = YES;
				CLANG_ENABLE_OBJC_WEAK = YES;
				CLANG_WARN_BLOCK_CAPTURE_AUTORELEASING = YES;
				CLANG_WARN_BOOL_CONVERSION = YES;
				CLANG_WARN_COMMA = YES;
				CLANG_WARN_CONSTANT_CONVERSION = YES;
				CLANG_WARN_DEPRECATED_OBJC_IMPLEMENTATIONS = YES;
				CLANG_WARN_DIRECT_OBJC_ISA_USAGE = YES_ERROR;
				CLANG_WARN_DOCUMENTATION_COMMENTS = YES;
				CLANG_WARN_EMPTY_BODY = YES;
				CLANG_WARN_ENUM_CONVERSION = YES;
				CLANG_WARN_INFINITE_RECURSION = YES;
				CLANG_WARN_INT_CONVERSION = YES;
				CLANG_WARN_NON_LITERAL_NULL_CONVERSION = YES;
				CLANG_WARN_OBJC_IMPLICIT_RETAIN_SELF = YES;
				CLANG_WARN_OBJC_LITERAL_CONVERSION = YES;
				CLANG_WARN_OBJC_ROOT_CLASS = YES_ERROR;
				CLANG_WARN_RANGE_LOOP_ANALYSIS = YES;
				CLANG_WARN_STRICT_PROTOTYPES = YES;
				CLANG_WARN_SUSPICIOUS_MOVE = YES;
				CLANG_WARN_UNGUARDED_AVAILABILITY = YES_AGGRESSIVE;
				CLANG_WARN_UNREACHABLE_CODE = YES;
				CLANG_WARN__DUPLICATE_METHOD_MATCH = YES;
				CODE_SIGN_IDENTITY = "iPhone Developer";
				COPY_PHASE_STRIP = NO;
				DEBUG_INFORMATION_FORMAT = "dwarf-with-dsym";
				ENABLE_NS_ASSERTIONS = NO;
				ENABLE_STRICT_OBJC_MSGSEND = YES;
				GCC_C_LANGUAGE_STANDARD = gnu11;
				GCC_NO_COMMON_BLOCKS = YES;
				GCC_WARN_64_TO_32_BIT_CONVERSION = YES;
				GCC_WARN_ABOUT_RETURN_TYPE = YES_ERROR;
				GCC_WARN_UNDECLARED_SELECTOR = YES;
				GCC_WARN_UNINITIALIZED_AUTOS = YES_AGGRESSIVE;
				GCC_WARN_UNUSED_FUNCTION = YES;
				GCC_WARN_UNUSED_VARIABLE = YES;
				IPHONEOS_DEPLOYMENT_TARGET = 11.3;
				MTL_ENABLE_DEBUG_INFO = NO;
				SDKROOT = iphoneos;
				SWIFT_COMPILATION_MODE = wholemodule;
				SWIFT_OPTIMIZATION_LEVEL = "-O";
				VALIDATE_PRODUCT = YES;
			};
			name = Release;
		};
		07183EA320BE8D0200E34CAC /* Debug */ = {
			isa = XCBuildConfiguration;
			baseConfigurationReference = 846FE55EA73F4DBC57565475 /* Pods-TodoList.debug.xcconfig */;
			buildSettings = {
				ASSETCATALOG_COMPILER_APPICON_NAME = AppIcon;
				CODE_SIGN_STYLE = Automatic;
				INFOPLIST_FILE = TodoList/Info.plist;
				LD_RUNPATH_SEARCH_PATHS = "$(inherited) @executable_path/Frameworks";
				PRODUCT_BUNDLE_IDENTIFIER = com.subhrajyoti.TodoList;
				PRODUCT_NAME = "$(TARGET_NAME)";
				SWIFT_VERSION = 4.0;
				TARGETED_DEVICE_FAMILY = "1,2";
			};
			name = Debug;
		};
		07183EA420BE8D0200E34CAC /* Release */ = {
			isa = XCBuildConfiguration;
			baseConfigurationReference = C4D160001C9325E011211959 /* Pods-TodoList.release.xcconfig */;
			buildSettings = {
				ASSETCATALOG_COMPILER_APPICON_NAME = AppIcon;
				CODE_SIGN_STYLE = Automatic;
				INFOPLIST_FILE = TodoList/Info.plist;
				LD_RUNPATH_SEARCH_PATHS = "$(inherited) @executable_path/Frameworks";
				PRODUCT_BUNDLE_IDENTIFIER = com.subhrajyoti.TodoList;
				PRODUCT_NAME = "$(TARGET_NAME)";
				SWIFT_VERSION = 4.0;
				TARGETED_DEVICE_FAMILY = "1,2";
			};
			name = Release;
		};
/* End XCBuildConfiguration section */

/* Begin XCConfigurationList section */
		07183E8B20BE8D0000E34CAC /* Build configuration list for PBXProject "TodoList" */ = {
			isa = XCConfigurationList;
			buildConfigurations = (
				07183EA020BE8D0200E34CAC /* Debug */,
				07183EA120BE8D0200E34CAC /* Release */,
			);
			defaultConfigurationIsVisible = 0;
			defaultConfigurationName = Release;
		};
		07183EA220BE8D0200E34CAC /* Build configuration list for PBXNativeTarget "TodoList" */ = {
			isa = XCConfigurationList;
			buildConfigurations = (
				07183EA320BE8D0200E34CAC /* Debug */,
				07183EA420BE8D0200E34CAC /* Release */,
			);
			defaultConfigurationIsVisible = 0;
			defaultConfigurationName = Release;
		};
/* End XCConfigurationList section */

/* Begin XCVersionGroup section */
		076228D420DA411A00B4E81E /* DataModel.xcdatamodeld */ = {
			isa = XCVersionGroup;
			children = (
				076228D520DA411A00B4E81E /* DataModel.xcdatamodel */,
			);
			currentVersion = 076228D520DA411A00B4E81E /* DataModel.xcdatamodel */;
			path = DataModel.xcdatamodeld;
			sourceTree = "<group>";
			versionGroupType = wrapper.xcdatamodel;
		};
/* End XCVersionGroup section */
	};
	rootObject = 07183E8820BE8D0000E34CAC /* Project object */;
}
